
Microsoft Visual Studio Solution File, Format Version 12.00
# Visual Studio Version 17
VisualStudioVersion = 17.2.32526.322
MinimumVisualStudioVersion = 10.0.40219.1
Project("{FAE04EC0-301F-11D3-BF4B-00C04F79EFBC}") = "NewsCatalog.UI", "NewsCatalog.UI\NewsCatalog.UI.csproj", "{AFE0DE15-90C6-4673-8DE8-F22E00F5B520}"
EndProject
Project("{FAE04EC0-301F-11D3-BF4B-00C04F79EFBC}") = "NewsCatalog.DAL", "NewsCatalog.DAL\NewsCatalog.DAL.csproj", "{0E5BA6D2-A2A4-4479-828B-6C60CD2DB4C9}"
EndProject
Project("{FAE04EC0-301F-11D3-BF4B-00C04F79EFBC}") = "NewsCatalog.BLL", "NewsCatalog.BLL\NewsCatalog.BLL.csproj", "{03855D65-0308-4738-9DC7-FAB7679877D8}"
EndProject
Global
	GlobalSection(SolutionConfigurationPlatforms) = preSolution
		Debug|Any CPU = Debug|Any CPU
		Release|Any CPU = Release|Any CPU
	EndGlobalSection
	GlobalSection(ProjectConfigurationPlatforms) = postSolution
		{AFE0DE15-90C6-4673-8DE8-F22E00F5B520}.Debug|Any CPU.ActiveCfg = Debug|Any CPU
		{AFE0DE15-90C6-4673-8DE8-F22E00F5B520}.Debug|Any CPU.Build.0 = Debug|Any CPU
		{AFE0DE15-90C6-4673-8DE8-F22E00F5B520}.Release|Any CPU.ActiveCfg = Release|Any CPU
		{AFE0DE15-90C6-4673-8DE8-F22E00F5B520}.Release|Any CPU.Build.0 = Release|Any CPU
		{0E5BA6D2-A2A4-4479-828B-6C60CD2DB4C9}.Debug|Any CPU.ActiveCfg = Debug|Any CPU
		{0E5BA6D2-A2A4-4479-828B-6C60CD2DB4C9}.Debug|Any CPU.Build.0 = Debug|Any CPU
		{0E5BA6D2-A2A4-4479-828B-6C60CD2DB4C9}.Release|Any CPU.ActiveCfg = Release|Any CPU
		{0E5BA6D2-A2A4-4479-828B-6C60CD2DB4C9}.Release|Any CPU.Build.0 = Release|Any CPU
		{03855D65-0308-4738-9DC7-FAB7679877D8}.Debug|Any CPU.ActiveCfg = Debug|Any CPU
		{03855D65-0308-4738-9DC7-FAB7679877D8}.Debug|Any CPU.Build.0 = Debug|Any CPU
		{03855D65-0308-4738-9DC7-FAB7679877D8}.Release|Any CPU.ActiveCfg = Release|Any CPU
		{03855D65-0308-4738-9DC7-FAB7679877D8}.Release|Any CPU.Build.0 = Release|Any CPU
	EndGlobalSection
	GlobalSection(SolutionProperties) = preSolution
		HideSolutionNode = FALSE
	EndGlobalSection
	GlobalSection(ExtensibilityGlobals) = postSolution
		SolutionGuid = {A723EEEB-7D6A-4C35-BC9D-A0DD757662DA}
	EndGlobalSection
EndGlobal
